
Microsoft Visual Studio Solution File, Format Version 12.00
# Visual Studio Version 16
VisualStudioVersion = 16.0.31005.135
MinimumVisualStudioVersion = 10.0.40219.1
Project("{FAE04EC0-301F-11D3-BF4B-00C04F79EFBC}") = "Sample.UWP", "Sample.UWP\Sample.UWP.csproj", "{C2D81053-A4DC-4199-A4C4-0E20B9B022FA}"
EndProject
Project("{9A19103F-16F7-4668-BE54-9A1E7A4F7556}") = "Sample", "Sample\Sample.csproj", "{427855F4-9610-4723-9377-84B7FDC7B35A}"
EndProject
Project("{FAE04EC0-301F-11D3-BF4B-00C04F79EFBC}") = "Sample.WPF", "Sample.WPF\Sample.WPF.csproj", "{4DAFE7FB-833B-4CAE-90DA-D647B03F665D}"
EndProject
Project("{9A19103F-16F7-4668-BE54-9A1E7A4F7556}") = "EfficientControls", "EfficientControls\EfficientControls.csproj", "{3DF19048-9AAF-4B4A-8B92-CDACFA010A10}"
EndProject
Project("{FAE04EC0-301F-11D3-BF4B-00C04F79EFBC}") = "Sample.Android", "Sample.Android\Sample.Android.csproj", "{EBAABEBD-D044-4B52-82F7-E9D346BBBACF}"
EndProject
Project("{FAE04EC0-301F-11D3-BF4B-00C04F79EFBC}") = "Sample.iOS", "Sample.iOS\Sample.iOS.csproj", "{4E8B00E0-DDB1-4778-A6A5-0AEBFC95663F}"
EndProject
Global
	GlobalSection(SolutionConfigurationPlatforms) = preSolution
		Debug|Any CPU = Debug|Any CPU
		Debug|ARM = Debug|ARM
		Debug|iPhone = Debug|iPhone
		Debug|iPhoneSimulator = Debug|iPhoneSimulator
		Debug|x64 = Debug|x64
		Debug|x86 = Debug|x86
		Release|Any CPU = Release|Any CPU
		Release|ARM = Release|ARM
		Release|iPhone = Release|iPhone
		Release|iPhoneSimulator = Release|iPhoneSimulator
		Release|x64 = Release|x64
		Release|x86 = Release|x86
	EndGlobalSection
	GlobalSection(ProjectConfigurationPlatforms) = postSolution
		{C2D81053-A4DC-4199-A4C4-0E20B9B022FA}.Debug|Any CPU.ActiveCfg = Debug|x86
		{C2D81053-A4DC-4199-A4C4-0E20B9B022FA}.Debug|Any CPU.Build.0 = Debug|x86
		{C2D81053-A4DC-4199-A4C4-0E20B9B022FA}.Debug|Any CPU.Deploy.0 = Debug|x86
		{C2D81053-A4DC-4199-A4C4-0E20B9B022FA}.Debug|ARM.ActiveCfg = Debug|ARM
		{C2D81053-A4DC-4199-A4C4-0E20B9B022FA}.Debug|ARM.Build.0 = Debug|ARM
		{C2D81053-A4DC-4199-A4C4-0E20B9B022FA}.Debug|ARM.Deploy.0 = Debug|ARM
		{C2D81053-A4DC-4199-A4C4-0E20B9B022FA}.Debug|iPhone.ActiveCfg = Debug|x86
		{C2D81053-A4DC-4199-A4C4-0E20B9B022FA}.Debug|iPhoneSimulator.ActiveCfg = Debug|x86
		{C2D81053-A4DC-4199-A4C4-0E20B9B022FA}.Debug|x64.ActiveCfg = Debug|x64
		{C2D81053-A4DC-4199-A4C4-0E20B9B022FA}.Debug|x64.Build.0 = Debug|x64
		{C2D81053-A4DC-4199-A4C4-0E20B9B022FA}.Debug|x64.Deploy.0 = Debug|x64
		{C2D81053-A4DC-4199-A4C4-0E20B9B022FA}.Debug|x86.ActiveCfg = Debug|x86
		{C2D81053-A4DC-4199-A4C4-0E20B9B022FA}.Debug|x86.Build.0 = Debug|x86
		{C2D81053-A4DC-4199-A4C4-0E20B9B022FA}.Debug|x86.Deploy.0 = Debug|x86
		{C2D81053-A4DC-4199-A4C4-0E20B9B022FA}.Release|Any CPU.ActiveCfg = Release|x86
		{C2D81053-A4DC-4199-A4C4-0E20B9B022FA}.Release|Any CPU.Build.0 = Release|x86
		{C2D81053-A4DC-4199-A4C4-0E20B9B022FA}.Release|Any CPU.Deploy.0 = Release|x86
		{C2D81053-A4DC-4199-A4C4-0E20B9B022FA}.Release|ARM.ActiveCfg = Release|ARM
		{C2D81053-A4DC-4199-A4C4-0E20B9B022FA}.Release|ARM.Build.0 = Release|ARM
		{C2D81053-A4DC-4199-A4C4-0E20B9B022FA}.Release|ARM.Deploy.0 = Release|ARM
		{C2D81053-A4DC-4199-A4C4-0E20B9B022FA}.Release|iPhone.ActiveCfg = Release|x86
		{C2D81053-A4DC-4199-A4C4-0E20B9B022FA}.Release|iPhoneSimulator.ActiveCfg = Release|x86
		{C2D81053-A4DC-4199-A4C4-0E20B9B022FA}.Release|x64.ActiveCfg = Release|x64
		{C2D81053-A4DC-4199-A4C4-0E20B9B022FA}.Release|x64.Build.0 = Release|x64
		{C2D81053-A4DC-4199-A4C4-0E20B9B022FA}.Release|x64.Deploy.0 = Release|x64
		{C2D81053-A4DC-4199-A4C4-0E20B9B022FA}.Release|x86.ActiveCfg = Release|x86
		{C2D81053-A4DC-4199-A4C4-0E20B9B022FA}.Release|x86.Build.0 = Release|x86
		{C2D81053-A4DC-4199-A4C4-0E20B9B022FA}.Release|x86.Deploy.0 = Release|x86
		{427855F4-9610-4723-9377-84B7FDC7B35A}.Debug|Any CPU.ActiveCfg = Debug|Any CPU
		{427855F4-9610-4723-9377-84B7FDC7B35A}.Debug|Any CPU.Build.0 = Debug|Any CPU
		{427855F4-9610-4723-9377-84B7FDC7B35A}.Debug|Any CPU.Deploy.0 = Debug|Any CPU
		{427855F4-9610-4723-9377-84B7FDC7B35A}.Debug|ARM.ActiveCfg = Debug|Any CPU
		{427855F4-9610-4723-9377-84B7FDC7B35A}.Debug|ARM.Build.0 = Debug|Any CPU
		{427855F4-9610-4723-9377-84B7FDC7B35A}.Debug|ARM.Deploy.0 = Debug|Any CPU
		{427855F4-9610-4723-9377-84B7FDC7B35A}.Debug|iPhone.ActiveCfg = Debug|Any CPU
		{427855F4-9610-4723-9377-84B7FDC7B35A}.Debug|iPhone.Build.0 = Debug|Any CPU
		{427855F4-9610-4723-9377-84B7FDC7B35A}.Debug|iPhoneSimulator.ActiveCfg = Debug|Any CPU
		{427855F4-9610-4723-9377-84B7FDC7B35A}.Debug|iPhoneSimulator.Build.0 = Debug|Any CPU
		{427855F4-9610-4723-9377-84B7FDC7B35A}.Debug|x64.ActiveCfg = Debug|Any CPU
		{427855F4-9610-4723-9377-84B7FDC7B35A}.Debug|x64.Build.0 = Debug|Any CPU
		{427855F4-9610-4723-9377-84B7FDC7B35A}.Debug|x64.Deploy.0 = Debug|Any CPU
		{427855F4-9610-4723-9377-84B7FDC7B35A}.Debug|x86.ActiveCfg = Debug|Any CPU
		{427855F4-9610-4723-9377-84B7FDC7B35A}.Debug|x86.Build.0 = Debug|Any CPU
		{427855F4-9610-4723-9377-84B7FDC7B35A}.Debug|x86.Deploy.0 = Debug|Any CPU
		{427855F4-9610-4723-9377-84B7FDC7B35A}.Release|Any CPU.ActiveCfg = Release|Any CPU
		{427855F4-9610-4723-9377-84B7FDC7B35A}.Release|Any CPU.Build.0 = Release|Any CPU
		{427855F4-9610-4723-9377-84B7FDC7B35A}.Release|Any CPU.Deploy.0 = Release|Any CPU
		{427855F4-9610-4723-9377-84B7FDC7B35A}.Release|ARM.ActiveCfg = Release|Any CPU
		{427855F4-9610-4723-9377-84B7FDC7B35A}.Release|ARM.Build.0 = Release|Any CPU
		{427855F4-9610-4723-9377-84B7FDC7B35A}.Release|ARM.Deploy.0 = Release|Any CPU
		{427855F4-9610-4723-9377-84B7FDC7B35A}.Release|iPhone.ActiveCfg = Release|Any CPU
		{427855F4-9610-4723-9377-84B7FDC7B35A}.Release|iPhone.Build.0 = Release|Any CPU
		{427855F4-9610-4723-9377-84B7FDC7B35A}.Release|iPhoneSimulator.ActiveCfg = Release|Any CPU
		{427855F4-9610-4723-9377-84B7FDC7B35A}.Release|iPhoneSimulator.Build.0 = Release|Any CPU
		{427855F4-9610-4723-9377-84B7FDC7B35A}.Release|x64.ActiveCfg = Release|Any CPU
		{427855F4-9610-4723-9377-84B7FDC7B35A}.Release|x64.Build.0 = Release|Any CPU
		{427855F4-9610-4723-9377-84B7FDC7B35A}.Release|x64.Deploy.0 = Release|Any CPU
		{427855F4-9610-4723-9377-84B7FDC7B35A}.Release|x86.ActiveCfg = Release|Any CPU
		{427855F4-9610-4723-9377-84B7FDC7B35A}.Release|x86.Build.0 = Release|Any CPU
		{427855F4-9610-4723-9377-84B7FDC7B35A}.Release|x86.Deploy.0 = Release|Any CPU
		{4DAFE7FB-833B-4CAE-90DA-D647B03F665D}.Debug|Any CPU.ActiveCfg = Debug|Any CPU
		{4DAFE7FB-833B-4CAE-90DA-D647B03F665D}.Debug|Any CPU.Build.0 = Debug|Any CPU
		{4DAFE7FB-833B-4CAE-90DA-D647B03F665D}.Debug|ARM.ActiveCfg = Debug|Any CPU
		{4DAFE7FB-833B-4CAE-90DA-D647B03F665D}.Debug|ARM.Build.0 = Debug|Any CPU
		{4DAFE7FB-833B-4CAE-90DA-D647B03F665D}.Debug|iPhone.ActiveCfg = Debug|Any CPU
		{4DAFE7FB-833B-4CAE-90DA-D647B03F665D}.Debug|iPhone.Build.0 = Debug|Any CPU
		{4DAFE7FB-833B-4CAE-90DA-D647B03F665D}.Debug|iPhoneSimulator.ActiveCfg = Debug|Any CPU
		{4DAFE7FB-833B-4CAE-90DA-D647B03F665D}.Debug|iPhoneSimulator.Build.0 = Debug|Any CPU
		{4DAFE7FB-833B-4CAE-90DA-D647B03F665D}.Debug|x64.ActiveCfg = Debug|Any CPU
		{4DAFE7FB-833B-4CAE-90DA-D647B03F665D}.Debug|x64.Build.0 = Debug|Any CPU
		{4DAFE7FB-833B-4CAE-90DA-D647B03F665D}.Debug|x86.ActiveCfg = Debug|Any CPU
		{4DAFE7FB-833B-4CAE-90DA-D647B03F665D}.Debug|x86.Build.0 = Debug|Any CPU
		{4DAFE7FB-833B-4CAE-90DA-D647B03F665D}.Release|Any CPU.ActiveCfg = Release|Any CPU
		{4DAFE7FB-833B-4CAE-90DA-D647B03F665D}.Release|Any CPU.Build.0 = Release|Any CPU
		{4DAFE7FB-833B-4CAE-90DA-D647B03F665D}.Release|ARM.ActiveCfg = Release|Any CPU
		{4DAFE7FB-833B-4CAE-90DA-D647B03F665D}.Release|ARM.Build.0 = Release|Any CPU
		{4DAFE7FB-833B-4CAE-90DA-D647B03F665D}.Release|iPhone.ActiveCfg = Release|Any CPU
		{4DAFE7FB-833B-4CAE-90DA-D647B03F665D}.Release|iPhone.Build.0 = Release|Any CPU
		{4DAFE7FB-833B-4CAE-90DA-D647B03F665D}.Release|iPhoneSimulator.ActiveCfg = Release|Any CPU
		{4DAFE7FB-833B-4CAE-90DA-D647B03F665D}.Release|iPhoneSimulator.Build.0 = Release|Any CPU
		{4DAFE7FB-833B-4CAE-90DA-D647B03F665D}.Release|x64.ActiveCfg = Release|Any CPU
		{4DAFE7FB-833B-4CAE-90DA-D647B03F665D}.Release|x64.Build.0 = Release|Any CPU
		{4DAFE7FB-833B-4CAE-90DA-D647B03F665D}.Release|x86.ActiveCfg = Release|Any CPU
		{4DAFE7FB-833B-4CAE-90DA-D647B03F665D}.Release|x86.Build.0 = Release|Any CPU
		{3DF19048-9AAF-4B4A-8B92-CDACFA010A10}.Debug|Any CPU.ActiveCfg = Debug|Any CPU
		{3DF19048-9AAF-4B4A-8B92-CDACFA010A10}.Debug|Any CPU.Build.0 = Debug|Any CPU
		{3DF19048-9AAF-4B4A-8B92-CDACFA010A10}.Debug|ARM.ActiveCfg = Debug|Any CPU
		{3DF19048-9AAF-4B4A-8B92-CDACFA010A10}.Debug|ARM.Build.0 = Debug|Any CPU
		{3DF19048-9AAF-4B4A-8B92-CDACFA010A10}.Debug|iPhone.ActiveCfg = Debug|Any CPU
		{3DF19048-9AAF-4B4A-8B92-CDACFA010A10}.Debug|iPhone.Build.0 = Debug|Any CPU
		{3DF19048-9AAF-4B4A-8B92-CDACFA010A10}.Debug|iPhoneSimulator.ActiveCfg = Debug|Any CPU
		{3DF19048-9AAF-4B4A-8B92-CDACFA010A10}.Debug|iPhoneSimulator.Build.0 = Debug|Any CPU
		{3DF19048-9AAF-4B4A-8B92-CDACFA010A10}.Debug|x64.ActiveCfg = Debug|Any CPU
		{3DF19048-9AAF-4B4A-8B92-CDACFA010A10}.Debug|x64.Build.0 = Debug|Any CPU
		{3DF19048-9AAF-4B4A-8B92-CDACFA010A10}.Debug|x86.ActiveCfg = Debug|Any CPU
		{3DF19048-9AAF-4B4A-8B92-CDACFA010A10}.Debug|x86.Build.0 = Debug|Any CPU
		{3DF19048-9AAF-4B4A-8B92-CDACFA010A10}.Release|Any CPU.ActiveCfg = Release|Any CPU
		{3DF19048-9AAF-4B4A-8B92-CDACFA010A10}.Release|Any CPU.Build.0 = Release|Any CPU
		{3DF19048-9AAF-4B4A-8B92-CDACFA010A10}.Release|ARM.ActiveCfg = Release|Any CPU
		{3DF19048-9AAF-4B4A-8B92-CDACFA010A10}.Release|ARM.Build.0 = Release|Any CPU
		{3DF19048-9AAF-4B4A-8B92-CDACFA010A10}.Release|iPhone.ActiveCfg = Release|Any CPU
		{3DF19048-9AAF-4B4A-8B92-CDACFA010A10}.Release|iPhone.Build.0 = Release|Any CPU
		{3DF19048-9AAF-4B4A-8B92-CDACFA010A10}.Release|iPhoneSimulator.ActiveCfg = Release|Any CPU
		{3DF19048-9AAF-4B4A-8B92-CDACFA010A10}.Release|iPhoneSimulator.Build.0 = Release|Any CPU
		{3DF19048-9AAF-4B4A-8B92-CDACFA010A10}.Release|x64.ActiveCfg = Release|Any CPU
		{3DF19048-9AAF-4B4A-8B92-CDACFA010A10}.Release|x64.Build.0 = Release|Any CPU
		{3DF19048-9AAF-4B4A-8B92-CDACFA010A10}.Release|x86.ActiveCfg = Release|Any CPU
		{3DF19048-9AAF-4B4A-8B92-CDACFA010A10}.Release|x86.Build.0 = Release|Any CPU
		{EBAABEBD-D044-4B52-82F7-E9D346BBBACF}.Debug|Any CPU.ActiveCfg = Debug|Any CPU
		{EBAABEBD-D044-4B52-82F7-E9D346BBBACF}.Debug|Any CPU.Build.0 = Debug|Any CPU
		{EBAABEBD-D044-4B52-82F7-E9D346BBBACF}.Debug|Any CPU.Deploy.0 = Debug|Any CPU
		{EBAABEBD-D044-4B52-82F7-E9D346BBBACF}.Debug|ARM.ActiveCfg = Debug|Any CPU
		{EBAABEBD-D044-4B52-82F7-E9D346BBBACF}.Debug|ARM.Build.0 = Debug|Any CPU
		{EBAABEBD-D044-4B52-82F7-E9D346BBBACF}.Debug|ARM.Deploy.0 = Debug|Any CPU
		{EBAABEBD-D044-4B52-82F7-E9D346BBBACF}.Debug|iPhone.ActiveCfg = Debug|Any CPU
		{EBAABEBD-D044-4B52-82F7-E9D346BBBACF}.Debug|iPhone.Build.0 = Debug|Any CPU
		{EBAABEBD-D044-4B52-82F7-E9D346BBBACF}.Debug|iPhone.Deploy.0 = Debug|Any CPU
		{EBAABEBD-D044-4B52-82F7-E9D346BBBACF}.Debug|iPhoneSimulator.ActiveCfg = Debug|Any CPU
		{EBAABEBD-D044-4B52-82F7-E9D346BBBACF}.Debug|iPhoneSimulator.Build.0 = Debug|Any CPU
		{EBAABEBD-D044-4B52-82F7-E9D346BBBACF}.Debug|iPhoneSimulator.Deploy.0 = Debug|Any CPU
		{EBAABEBD-D044-4B52-82F7-E9D346BBBACF}.Debug|x64.ActiveCfg = Debug|Any CPU
		{EBAABEBD-D044-4B52-82F7-E9D346BBBACF}.Debug|x64.Build.0 = Debug|Any CPU
		{EBAABEBD-D044-4B52-82F7-E9D346BBBACF}.Debug|x64.Deploy.0 = Debug|Any CPU
		{EBAABEBD-D044-4B52-82F7-E9D346BBBACF}.Debug|x86.ActiveCfg = Debug|Any CPU
		{EBAABEBD-D044-4B52-82F7-E9D346BBBACF}.Debug|x86.Build.0 = Debug|Any CPU
		{EBAABEBD-D044-4B52-82F7-E9D346BBBACF}.Debug|x86.Deploy.0 = Debug|Any CPU
		{EBAABEBD-D044-4B52-82F7-E9D346BBBACF}.Release|Any CPU.ActiveCfg = Release|Any CPU
		{EBAABEBD-D044-4B52-82F7-E9D346BBBACF}.Release|Any CPU.Build.0 = Release|Any CPU
		{EBAABEBD-D044-4B52-82F7-E9D346BBBACF}.Release|Any CPU.Deploy.0 = Release|Any CPU
		{EBAABEBD-D044-4B52-82F7-E9D346BBBACF}.Release|ARM.ActiveCfg = Release|Any CPU
		{EBAABEBD-D044-4B52-82F7-E9D346BBBACF}.Release|ARM.Build.0 = Release|Any CPU
		{EBAABEBD-D044-4B52-82F7-E9D346BBBACF}.Release|ARM.Deploy.0 = Release|Any CPU
		{EBAABEBD-D044-4B52-82F7-E9D346BBBACF}.Release|iPhone.ActiveCfg = Release|Any CPU
		{EBAABEBD-D044-4B52-82F7-E9D346BBBACF}.Release|iPhone.Build.0 = Release|Any CPU
		{EBAABEBD-D044-4B52-82F7-E9D346BBBACF}.Release|iPhone.Deploy.0 = Release|Any CPU
		{EBAABEBD-D044-4B52-82F7-E9D346BBBACF}.Release|iPhoneSimulator.ActiveCfg = Release|Any CPU
		{EBAABEBD-D044-4B52-82F7-E9D346BBBACF}.Release|iPhoneSimulator.Build.0 = Release|Any CPU
		{EBAABEBD-D044-4B52-82F7-E9D346BBBACF}.Release|iPhoneSimulator.Deploy.0 = Release|Any CPU
		{EBAABEBD-D044-4B52-82F7-E9D346BBBACF}.Release|x64.ActiveCfg = Release|Any CPU
		{EBAABEBD-D044-4B52-82F7-E9D346BBBACF}.Release|x64.Build.0 = Release|Any CPU
		{EBAABEBD-D044-4B52-82F7-E9D346BBBACF}.Release|x64.Deploy.0 = Release|Any CPU
		{EBAABEBD-D044-4B52-82F7-E9D346BBBACF}.Release|x86.ActiveCfg = Release|Any CPU
		{EBAABEBD-D044-4B52-82F7-E9D346BBBACF}.Release|x86.Build.0 = Release|Any CPU
		{EBAABEBD-D044-4B52-82F7-E9D346BBBACF}.Release|x86.Deploy.0 = Release|Any CPU
		{4E8B00E0-DDB1-4778-A6A5-0AEBFC95663F}.Debug|Any CPU.ActiveCfg = Debug|iPhoneSimulator
		{4E8B00E0-DDB1-4778-A6A5-0AEBFC95663F}.Debug|ARM.ActiveCfg = Debug|iPhoneSimulator
		{4E8B00E0-DDB1-4778-A6A5-0AEBFC95663F}.Debug|iPhone.ActiveCfg = Debug|iPhone
		{4E8B00E0-DDB1-4778-A6A5-0AEBFC95663F}.Debug|iPhone.Build.0 = Debug|iPhone
		{4E8B00E0-DDB1-4778-A6A5-0AEBFC95663F}.Debug|iPhone.Deploy.0 = Debug|iPhone
		{4E8B00E0-DDB1-4778-A6A5-0AEBFC95663F}.Debug|iPhoneSimulator.ActiveCfg = Debug|iPhoneSimulator
		{4E8B00E0-DDB1-4778-A6A5-0AEBFC95663F}.Debug|iPhoneSimulator.Build.0 = Debug|iPhoneSimulator
		{4E8B00E0-DDB1-4778-A6A5-0AEBFC95663F}.Debug|x64.ActiveCfg = Debug|iPhoneSimulator
		{4E8B00E0-DDB1-4778-A6A5-0AEBFC95663F}.Debug|x86.ActiveCfg = Debug|iPhoneSimulator
		{4E8B00E0-DDB1-4778-A6A5-0AEBFC95663F}.Release|Any CPU.ActiveCfg = Release|iPhoneSimulator
		{4E8B00E0-DDB1-4778-A6A5-0AEBFC95663F}.Release|ARM.ActiveCfg = Release|iPhoneSimulator
		{4E8B00E0-DDB1-4778-A6A5-0AEBFC95663F}.Release|iPhone.ActiveCfg = Release|iPhone
		{4E8B00E0-DDB1-4778-A6A5-0AEBFC95663F}.Release|iPhone.Build.0 = Release|iPhone
		{4E8B00E0-DDB1-4778-A6A5-0AEBFC95663F}.Release|iPhoneSimulator.ActiveCfg = Release|iPhoneSimulator
		{4E8B00E0-DDB1-4778-A6A5-0AEBFC95663F}.Release|iPhoneSimulator.Build.0 = Release|iPhoneSimulator
		{4E8B00E0-DDB1-4778-A6A5-0AEBFC95663F}.Release|x64.ActiveCfg = Release|iPhoneSimulator
		{4E8B00E0-DDB1-4778-A6A5-0AEBFC95663F}.Release|x86.ActiveCfg = Release|iPhoneSimulator
	EndGlobalSection
	GlobalSection(SolutionProperties) = preSolution
		HideSolutionNode = FALSE
	EndGlobalSection
	GlobalSection(ExtensibilityGlobals) = postSolution
		SolutionGuid = {B7119E16-84AE-4BAF-B9C1-7E4CE0C470FE}
	EndGlobalSection
EndGlobal
